
Microsoft Visual Studio Solution File, Format Version 12.00
# Visual Studio Version 16
VisualStudioVersion = 16.0.30104.148
MinimumVisualStudioVersion = 10.0.40219.1
Project("{FAE04EC0-301F-11D3-BF4B-00C04F79EFBC}") = "CursoOnline.DominioTest", "test\CursoOnline.DominioTest\CursoOnline.DominioTest.csproj", "{E3A9D9A5-C180-4C23-8F0D-EC183425CDB8}"
EndProject
Project("{FAE04EC0-301F-11D3-BF4B-00C04F79EFBC}") = "CursoOnline.Dominio", "src\CursoOnline.Dominio\CursoOnline.Dominio.csproj", "{FE674E37-567E-40DC-B559-8B8FBAFD8296}"
EndProject
Global
	GlobalSection(SolutionConfigurationPlatforms) = preSolution
		Debug|Any CPU = Debug|Any CPU
		Release|Any CPU = Release|Any CPU
	EndGlobalSection
	GlobalSection(ProjectConfigurationPlatforms) = postSolution
		{E3A9D9A5-C180-4C23-8F0D-EC183425CDB8}.Debug|Any CPU.ActiveCfg = Debug|Any CPU
		{E3A9D9A5-C180-4C23-8F0D-EC183425CDB8}.Debug|Any CPU.Build.0 = Debug|Any CPU
		{E3A9D9A5-C180-4C23-8F0D-EC183425CDB8}.Release|Any CPU.ActiveCfg = Release|Any CPU
		{E3A9D9A5-C180-4C23-8F0D-EC183425CDB8}.Release|Any CPU.Build.0 = Release|Any CPU
		{FE674E37-567E-40DC-B559-8B8FBAFD8296}.Debug|Any CPU.ActiveCfg = Debug|Any CPU
		{FE674E37-567E-40DC-B559-8B8FBAFD8296}.Debug|Any CPU.Build.0 = Debug|Any CPU
		{FE674E37-567E-40DC-B559-8B8FBAFD8296}.Release|Any CPU.ActiveCfg = Release|Any CPU
		{FE674E37-567E-40DC-B559-8B8FBAFD8296}.Release|Any CPU.Build.0 = Release|Any CPU
	EndGlobalSection
	GlobalSection(SolutionProperties) = preSolution
		HideSolutionNode = FALSE
	EndGlobalSection
	GlobalSection(ExtensibilityGlobals) = postSolution
		SolutionGuid = {11EDE748-22B6-4915-8A86-BDD945A41C59}
	EndGlobalSection
EndGlobal
